
Microsoft Visual Studio Solution File, Format Version 12.00
# Visual Studio Version 16
VisualStudioVersion = 16.0.29306.81
MinimumVisualStudioVersion = 10.0.40219.1
Project("{FAE04EC0-301F-11D3-BF4B-00C04F79EFBC}") = "markoGalavićProvjeraZnanjaZadatak4", "markoGalavićProvjeraZnanjaZadatak4\markoGalavićProvjeraZnanjaZadatak4.csproj", "{22F75474-B2B2-4EF1-A9D4-02DFF7C6031C}"
EndProject
Global
	GlobalSection(SolutionConfigurationPlatforms) = preSolution
		Debug|Any CPU = Debug|Any CPU
		Release|Any CPU = Release|Any CPU
	EndGlobalSection
	GlobalSection(ProjectConfigurationPlatforms) = postSolution
		{22F75474-B2B2-4EF1-A9D4-02DFF7C6031C}.Debug|Any CPU.ActiveCfg = Debug|Any CPU
		{22F75474-B2B2-4EF1-A9D4-02DFF7C6031C}.Debug|Any CPU.Build.0 = Debug|Any CPU
		{22F75474-B2B2-4EF1-A9D4-02DFF7C6031C}.Release|Any CPU.ActiveCfg = Release|Any CPU
		{22F75474-B2B2-4EF1-A9D4-02DFF7C6031C}.Release|Any CPU.Build.0 = Release|Any CPU
	EndGlobalSection
	GlobalSection(SolutionProperties) = preSolution
		HideSolutionNode = FALSE
	EndGlobalSection
	GlobalSection(ExtensibilityGlobals) = postSolution
		SolutionGuid = {C09AD51E-9DAA-4D4F-ADB0-40CD32653C8F}
	EndGlobalSection
EndGlobal
